
Microsoft Visual Studio Solution File, Format Version 12.00
# Visual Studio 15
Project("{FAE04EC0-301F-11D3-BF4B-00C04F79EFBC}") = "Assembly-CSharp", "Assembly-CSharp.csproj", "{AF2B4F52-7C43-2564-46C4-F9912149613E}"
EndProject
Project("{FAE04EC0-301F-11D3-BF4B-00C04F79EFBC}") = "Assembly-CSharp-Editor", "Assembly-CSharp-Editor.csproj", "{6D398CBA-F47B-697B-CCEA-71A026563EB9}"
EndProject
Project("{FAE04EC0-301F-11D3-BF4B-00C04F79EFBC}") = "Root", "Root.csproj", "{3E08BC75-7970-2E0E-243B-DCACE6F71D12}"
EndProject
Project("{FAE04EC0-301F-11D3-BF4B-00C04F79EFBC}") = "Tests", "Tests.csproj", "{E840DA3A-0394-F7DB-A270-1A215B794EDC}"
EndProject
Global
	GlobalSection(SolutionConfigurationPlatforms) = preSolution
		Debug|Any CPU = Debug|Any CPU
		Release|Any CPU = Release|Any CPU
	EndGlobalSection
	GlobalSection(ProjectConfigurationPlatforms) = postSolution
		{AF2B4F52-7C43-2564-46C4-F9912149613E}.Debug|Any CPU.ActiveCfg = Debug|Any CPU
		{AF2B4F52-7C43-2564-46C4-F9912149613E}.Debug|Any CPU.Build.0 = Debug|Any CPU
		{AF2B4F52-7C43-2564-46C4-F9912149613E}.Release|Any CPU.ActiveCfg = Release|Any CPU
		{AF2B4F52-7C43-2564-46C4-F9912149613E}.Release|Any CPU.Build.0 = Release|Any CPU
		{6D398CBA-F47B-697B-CCEA-71A026563EB9}.Debug|Any CPU.ActiveCfg = Debug|Any CPU
		{6D398CBA-F47B-697B-CCEA-71A026563EB9}.Debug|Any CPU.Build.0 = Debug|Any CPU
		{6D398CBA-F47B-697B-CCEA-71A026563EB9}.Release|Any CPU.ActiveCfg = Release|Any CPU
		{6D398CBA-F47B-697B-CCEA-71A026563EB9}.Release|Any CPU.Build.0 = Release|Any CPU
		{3E08BC75-7970-2E0E-243B-DCACE6F71D12}.Debug|Any CPU.ActiveCfg = Debug|Any CPU
		{3E08BC75-7970-2E0E-243B-DCACE6F71D12}.Debug|Any CPU.Build.0 = Debug|Any CPU
		{3E08BC75-7970-2E0E-243B-DCACE6F71D12}.Release|Any CPU.ActiveCfg = Release|Any CPU
		{3E08BC75-7970-2E0E-243B-DCACE6F71D12}.Release|Any CPU.Build.0 = Release|Any CPU
		{E840DA3A-0394-F7DB-A270-1A215B794EDC}.Debug|Any CPU.ActiveCfg = Debug|Any CPU
		{E840DA3A-0394-F7DB-A270-1A215B794EDC}.Debug|Any CPU.Build.0 = Debug|Any CPU
		{E840DA3A-0394-F7DB-A270-1A215B794EDC}.Release|Any CPU.ActiveCfg = Release|Any CPU
		{E840DA3A-0394-F7DB-A270-1A215B794EDC}.Release|Any CPU.Build.0 = Release|Any CPU
	EndGlobalSection
	GlobalSection(SolutionProperties) = preSolution
		HideSolutionNode = FALSE
	EndGlobalSection
EndGlobal
